
Microsoft Visual Studio Solution File, Format Version 12.00
# Visual Studio Version 16
VisualStudioVersion = 16.0.32106.194
MinimumVisualStudioVersion = 10.0.40219.1
Project("{FAE04EC0-301F-11D3-BF4B-00C04F79EFBC}") = "Projeto_Modelo", "Projeto_Modelo.csproj", "{7253CB53-E144-48FD-8195-644E371CDC47}"
EndProject
Global
	GlobalSection(SolutionConfigurationPlatforms) = preSolution
		Debug|Any CPU = Debug|Any CPU
		Release|Any CPU = Release|Any CPU
	EndGlobalSection
	GlobalSection(ProjectConfigurationPlatforms) = postSolution
		{7253CB53-E144-48FD-8195-644E371CDC47}.Debug|Any CPU.ActiveCfg = Debug|Any CPU
		{7253CB53-E144-48FD-8195-644E371CDC47}.Debug|Any CPU.Build.0 = Debug|Any CPU
		{7253CB53-E144-48FD-8195-644E371CDC47}.Release|Any CPU.ActiveCfg = Release|Any CPU
		{7253CB53-E144-48FD-8195-644E371CDC47}.Release|Any CPU.Build.0 = Release|Any CPU
	EndGlobalSection
	GlobalSection(SolutionProperties) = preSolution
		HideSolutionNode = FALSE
	EndGlobalSection
	GlobalSection(ExtensibilityGlobals) = postSolution
		SolutionGuid = {EE7AD8E8-D84A-43C8-B747-E31A52D6B412}
	EndGlobalSection
EndGlobal
