
Microsoft Visual Studio Solution File, Format Version 12.00
# Visual Studio Version 17
VisualStudioVersion = 17.1.32421.90
MinimumVisualStudioVersion = 10.0.40219.1
Project("{FAE04EC0-301F-11D3-BF4B-00C04F79EFBC}") = "Crud", "Crud\Crud.csproj", "{0862553A-C244-4709-A18E-0796041F750A}"
EndProject
Global
	GlobalSection(SolutionConfigurationPlatforms) = preSolution
		Debug|Any CPU = Debug|Any CPU
		Release|Any CPU = Release|Any CPU
	EndGlobalSection
	GlobalSection(ProjectConfigurationPlatforms) = postSolution
		{0862553A-C244-4709-A18E-0796041F750A}.Debug|Any CPU.ActiveCfg = Debug|Any CPU
		{0862553A-C244-4709-A18E-0796041F750A}.Debug|Any CPU.Build.0 = Debug|Any CPU
		{0862553A-C244-4709-A18E-0796041F750A}.Release|Any CPU.ActiveCfg = Release|Any CPU
		{0862553A-C244-4709-A18E-0796041F750A}.Release|Any CPU.Build.0 = Release|Any CPU
	EndGlobalSection
	GlobalSection(SolutionProperties) = preSolution
		HideSolutionNode = FALSE
	EndGlobalSection
	GlobalSection(ExtensibilityGlobals) = postSolution
		SolutionGuid = {87485A48-A5E6-480E-AE0D-1AB51989450D}
	EndGlobalSection
EndGlobal
