
Microsoft Visual Studio Solution File, Format Version 12.00
# Visual Studio Version 17
VisualStudioVersion = 17.2.32505.173
MinimumVisualStudioVersion = 10.0.40219.1
Project("{FAE04EC0-301F-11D3-BF4B-00C04F79EFBC}") = "Estoque-Chico", "Estoque-Chico\Estoque-Chico.csproj", "{447409EC-E94F-4D2C-8E25-4A2F129DE036}"
EndProject
Global
	GlobalSection(SolutionConfigurationPlatforms) = preSolution
		Debug|Any CPU = Debug|Any CPU
		Release|Any CPU = Release|Any CPU
	EndGlobalSection
	GlobalSection(ProjectConfigurationPlatforms) = postSolution
		{447409EC-E94F-4D2C-8E25-4A2F129DE036}.Debug|Any CPU.ActiveCfg = Debug|Any CPU
		{447409EC-E94F-4D2C-8E25-4A2F129DE036}.Debug|Any CPU.Build.0 = Debug|Any CPU
		{447409EC-E94F-4D2C-8E25-4A2F129DE036}.Release|Any CPU.ActiveCfg = Release|Any CPU
		{447409EC-E94F-4D2C-8E25-4A2F129DE036}.Release|Any CPU.Build.0 = Release|Any CPU
	EndGlobalSection
	GlobalSection(SolutionProperties) = preSolution
		HideSolutionNode = FALSE
	EndGlobalSection
	GlobalSection(ExtensibilityGlobals) = postSolution
		SolutionGuid = {3B764365-0BD7-4DA6-8A0C-1EDF385AE155}
	EndGlobalSection
EndGlobal
